{
    "_meta": {
        "hash": {
            "sha256": "7d005770fae536157a29fb4b16cce8d3caf14ef39623f9ffe685e71ce32830b9"
        },
        "requires": {},
        "sources": [
            {
                "url": "https://pypi.python.org/simple",
                "verify_ssl": true
            }
        ]
    },
    "default": {
        "certifi": {
            "version": "==2017.4.17"
        },
        "chardet": {
            "version": "==3.0.3"
        },
        "click": {
            "version": "==6.7"
        },
        "dj-database-url": {
            "version": "==0.4.2"
        },
        "flask": {
            "version": "==0.12.2"
        },
        "future": {
            "version": "==0.16.0"
        },
        "idna": {
            "version": "==2.5"
        },
        "itsdangerous": {
            "version": "==0.24"
        },
        "jinja2": {
            "version": "==2.9.6"
        },
        "line-bot-sdk": {
            "version": "==1.3.0"
        },
        "markupsafe": {
            "version": "==1.0"
        },
        "psycopg2": {
            "version": "==2.7.1"
        },
        "python-dotenv": {
            "version": "==0.6.4"
        },
        "pyyaml": {
            "version": "==3.12"
        },
        "requests": {
            "version": "==2.17.3"
        },
        "urllib3": {
            "version": "==1.21.1"
        },
        "werkzeug": {
            "version": "==0.12.2"
        }
    },
    "develop": {
        "bleach": {
            "version": "==2.0.0"
        },
        "click": {
            "version": "==6.7"
        },
        "docutils": {
            "version": "==0.13.1"
        },
        "html5lib": {
            "version": "==0.999999999"
        },
        "pygments": {
            "version": "==2.2.0"
        },
        "readme-renderer": {
            "version": "==17.2"
        },
        "restview": {
            "version": "==2.7.0"
        },
        "setuptools": {
            "version": "==36.0.1"
        },
        "six": {
            "version": "==1.10.0"
        },
        "webencodings": {
            "version": "==0.5.1"
        }
    }
}
